
Microsoft Visual Studio Solution File, Format Version 12.00
# Visual Studio 14
VisualStudioVersion = 14.0.25123.0
MinimumVisualStudioVersion = 10.0.40219.1
Project("{FAE04EC0-301F-11D3-BF4B-00C04F79EFBC}") = "Anonym", "Anonym\Anonym.csproj", "{B5B8A73D-61BA-4728-8C3B-A70069285C4E}"
EndProject
Global
	GlobalSection(SolutionConfigurationPlatforms) = preSolution
		Debug|Any CPU = Debug|Any CPU
		Release|Any CPU = Release|Any CPU
	EndGlobalSection
	GlobalSection(ProjectConfigurationPlatforms) = postSolution
		{B5B8A73D-61BA-4728-8C3B-A70069285C4E}.Debug|Any CPU.ActiveCfg = Debug|Any CPU
		{B5B8A73D-61BA-4728-8C3B-A70069285C4E}.Debug|Any CPU.Build.0 = Debug|Any CPU
		{B5B8A73D-61BA-4728-8C3B-A70069285C4E}.Release|Any CPU.ActiveCfg = Release|Any CPU
		{B5B8A73D-61BA-4728-8C3B-A70069285C4E}.Release|Any CPU.Build.0 = Release|Any CPU
		{5B3CFFE6-65FD-44B0-AEFF-C665768D06A1}.Debug|Any CPU.ActiveCfg = Debug|Any CPU
		{5B3CFFE6-65FD-44B0-AEFF-C665768D06A1}.Debug|Any CPU.Build.0 = Debug|Any CPU
		{5B3CFFE6-65FD-44B0-AEFF-C665768D06A1}.Release|Any CPU.ActiveCfg = Release|Any CPU
		{5B3CFFE6-65FD-44B0-AEFF-C665768D06A1}.Release|Any CPU.Build.0 = Release|Any CPU
	EndGlobalSection
	GlobalSection(SolutionProperties) = preSolution
		HideSolutionNode = FALSE
	EndGlobalSection
EndGlobal
